
Microsoft Visual Studio Solution File, Format Version 12.00
# Visual Studio Version 17
VisualStudioVersion = 17.4.33122.133
MinimumVisualStudioVersion = 10.0.40219.1
Project("{FAE04EC0-301F-11D3-BF4B-00C04F79EFBC}") = "WebApp", "WebApp\WebApp.csproj", "{3B0FDB51-34BD-4082-B5DB-B34E5528883E}"
EndProject
Global
	GlobalSection(SolutionConfigurationPlatforms) = preSolution
		Debug|Any CPU = Debug|Any CPU
		Release|Any CPU = Release|Any CPU
	EndGlobalSection
	GlobalSection(ProjectConfigurationPlatforms) = postSolution
		{3B0FDB51-34BD-4082-B5DB-B34E5528883E}.Debug|Any CPU.ActiveCfg = Debug|Any CPU
		{3B0FDB51-34BD-4082-B5DB-B34E5528883E}.Debug|Any CPU.Build.0 = Debug|Any CPU
		{3B0FDB51-34BD-4082-B5DB-B34E5528883E}.Release|Any CPU.ActiveCfg = Release|Any CPU
		{3B0FDB51-34BD-4082-B5DB-B34E5528883E}.Release|Any CPU.Build.0 = Release|Any CPU
	EndGlobalSection
	GlobalSection(SolutionProperties) = preSolution
		HideSolutionNode = FALSE
	EndGlobalSection
	GlobalSection(ExtensibilityGlobals) = postSolution
		SolutionGuid = {09A3E32A-D9E9-41F2-B2CF-3D142F14C9F3}
	EndGlobalSection
EndGlobal
